{
  "name": "mailing",
  "version": "1.0.0",
  "lockfileVersion": 1,
  "requires": true,
  "dependencies": {
    "dotenv": {
      "version": "10.0.0",
      "resolved": "https://registry.npmjs.org/dotenv/-/dotenv-10.0.0.tgz",
      "integrity": "sha512-rlBi9d8jpv9Sf1klPjNfFAuWDjKLwTIJJ/VxtoTwIR6hnZxcEOQCZg2oIL3MWBYw5GpUDKOEnND7LXTbIpQ03Q=="
    },
    "emailjs": {
      "version": "3.6.0",
      "resolved": "https://registry.npmjs.org/emailjs/-/emailjs-3.6.0.tgz",
      "integrity": "sha512-dvg/AF2YR50AjNlGLWuA/9zN0FQxuZ6f3aTNm61iJOVTsMLphBwlzWXDyPAG3NK1RC+MVgGvBFk/x2F/Dvd0rQ=="
    },
    "esm": {
      "version": "3.2.25",
      "resolved": "https://registry.npmjs.org/esm/-/esm-3.2.25.tgz",
      "integrity": "sha512-U1suiZ2oDVWv4zPO56S0NcR5QriEahGtdN2OR6FiOG4WJvcjBVFB0qI4+eKoWFH483PKGuLuu6V8Z4T5g63UVA=="
    },
    "nodemailer": {
      "version": "6.6.5",
      "resolved": "https://registry.npmjs.org/nodemailer/-/nodemailer-6.6.5.tgz",
      "integrity": "sha512-C/v856DBijUzHcHIgGpQoTrfsH3suKIRAGliIzCstatM2cAa+MYX3LuyCrABiO/cdJTxgBBHXxV1ztiqUwst5A=="
    }
  }
}
